PODS:
  - Alamofire (5.4.4)
  - CryptoSwift (1.5.1)
  - EllipticCurveKeyPair (2.0)
  - fusion (2.0.1)
  - iosMonkey (0.0.1)
  - lottie-ios (4.3.3)
  - OHHTTPStubs/Core (9.0.0)
  - OHHTTPStubs/Default (9.0.0):
    - OHHTTPStubs/Core
    - OHHTTPStubs/JSON
    - OHHTTPStubs/NSURLSession
    - OHHTTPStubs/OHPathHelpers
  - OHHTTPStubs/JSON (9.0.0):
    - OHHTTPStubs/Core
  - OHHTTPStubs/NSURLSession (9.0.0):
    - OHHTTPStubs/Core
  - OHHTTPStubs/OHPathHelpers (9.0.0)
  - OHHTTPStubs/Swift (9.0.0):
    - OHHTTPStubs/Default
  - PMEventsManager (2.0.1):
    - ProtonCore-DataModel
    - ProtonCore-Networking
    - ProtonCore-Payments
    - ProtonCore-Services
  - PMEventsManager/Tests (2.0.1):
    - ProtonCore-DataModel
    - ProtonCore-Networking
    - ProtonCore-Payments
    - ProtonCore-Services
    - ProtonCore-TestingToolkit/UnitTests/Core
  - PMSettings (2.0.0):
    - ProtonCore-UIFoundations
  - PMSettings/Tests (2.0.0):
    - ProtonCore-TestingToolkit/UnitTests/Core
    - ProtonCore-UIFoundations
  - PMSideMenu (0.0.1):
    - SideMenuSwift
  - ProtonCore-AccountDeletion (25.0.0):
    - ProtonCore-Authentication (= 25.0.0)
    - ProtonCore-Doh (= 25.0.0)
    - ProtonCore-Foundations (= 25.0.0)
    - ProtonCore-Log (= 25.0.0)
    - ProtonCore-Networking (= 25.0.0)
    - ProtonCore-Services (= 25.0.0)
    - ProtonCore-UIFoundations (= 25.0.0)
    - ProtonCore-Utilities (= 25.0.0)
  - ProtonCore-AccountRecovery (25.0.0):
    - ProtonCore-Authentication (= 25.0.0)
    - ProtonCore-DataModel (= 25.0.0)
    - ProtonCore-FeatureFlags (= 25.0.0)
    - ProtonCore-MissingScopes (= 25.0.0)
    - ProtonCore-Networking (= 25.0.0)
    - ProtonCore-PasswordRequest (= 25.0.0)
    - ProtonCore-PushNotifications (= 25.0.0)
    - ProtonCore-Services (= 25.0.0)
    - ProtonCore-UIFoundations (= 25.0.0)
  - ProtonCore-APIClient (25.0.0):
    - ProtonCore-DataModel (= 25.0.0)
    - ProtonCore-Networking (= 25.0.0)
    - ProtonCore-Services (= 25.0.0)
  - ProtonCore-Authentication (25.0.0):
    - ProtonCore-APIClient (= 25.0.0)
    - ProtonCore-Crypto (= 25.0.0)
    - ProtonCore-CryptoGoInterface (= 25.0.0)
    - ProtonCore-FeatureFlags (= 25.0.0)
    - ProtonCore-Observability (= 25.0.0)
    - ProtonCore-Services (= 25.0.0)
  - ProtonCore-Authentication-KeyGeneration (25.0.0):
    - ProtonCore-Authentication (= 25.0.0)
    - ProtonCore-Crypto (= 25.0.0)
    - ProtonCore-CryptoGoInterface (= 25.0.0)
    - ProtonCore-Hash (= 25.0.0)
  - ProtonCore-Challenge (25.0.0):
    - ProtonCore-DataModel (= 25.0.0)
    - ProtonCore-Foundations (= 25.0.0)
    - ProtonCore-UIFoundations (= 25.0.0)
  - ProtonCore-Crypto (25.0.0):
    - ProtonCore-CryptoGoInterface (= 25.0.0)
    - ProtonCore-DataModel (= 25.0.0)
  - ProtonCore-CryptoGoImplementation/Crypto-patched-Go (25.0.0):
    - ProtonCore-CryptoGoInterface (= 25.0.0)
    - ProtonCore-GoLibs/Crypto-patched-Go (= 25.0.0)
  - ProtonCore-CryptoGoInterface (25.0.0)
  - ProtonCore-DataModel (25.0.0):
    - ProtonCore-Utilities (= 25.0.0)
  - ProtonCore-Doh (25.0.0):
    - ProtonCore-Log (= 25.0.0)
    - ProtonCore-Utilities (= 25.0.0)
  - ProtonCore-Environment (25.0.0):
    - ProtonCore-Doh (= 25.0.0)
    - TrustKit
  - ProtonCore-FeatureFlags (25.0.0):
    - ProtonCore-Networking (= 25.0.0)
    - ProtonCore-Services (= 25.0.0)
  - ProtonCore-Foundations (25.0.0):
    - ProtonCore-Log (= 25.0.0)
  - ProtonCore-GoLibs/Crypto-patched-Go (25.0.0)
  - ProtonCore-Hash (25.0.0)
  - ProtonCore-HumanVerification (25.0.0):
    - ProtonCore-APIClient (= 25.0.0)
    - ProtonCore-Crypto (= 25.0.0)
    - ProtonCore-CryptoGoInterface (= 25.0.0)
    - ProtonCore-Foundations (= 25.0.0)
    - ProtonCore-Observability (= 25.0.0)
    - ProtonCore-Telemetry (= 25.0.0)
    - ProtonCore-UIFoundations (= 25.0.0)
    - ProtonCore-Utilities (= 25.0.0)
  - ProtonCore-Keymaker (25.0.0):
    - EllipticCurveKeyPair (~> 2.0)
    - ProtonCore-CryptoGoInterface (= 25.0.0)
  - ProtonCore-KeyManager (25.0.0):
    - ProtonCore-Crypto (= 25.0.0)
    - ProtonCore-CryptoGoInterface (= 25.0.0)
    - ProtonCore-DataModel (= 25.0.0)
  - ProtonCore-Log (25.0.0):
    - Sentry
  - ProtonCore-Login (25.0.0):
    - ProtonCore-Authentication (= 25.0.0)
    - ProtonCore-Authentication-KeyGeneration (= 25.0.0)
    - ProtonCore-Crypto (= 25.0.0)
    - ProtonCore-CryptoGoInterface (= 25.0.0)
    - ProtonCore-DataModel (= 25.0.0)
    - ProtonCore-FeatureFlags (= 25.0.0)
    - ProtonCore-Foundations (= 25.0.0)
    - ProtonCore-Log (= 25.0.0)
    - ProtonCore-Observability (= 25.0.0)
    - TrustKit
  - ProtonCore-LoginUI (25.0.0):
    - lottie-ios (= 4.3.3)
    - ProtonCore-Authentication (= 25.0.0)
    - ProtonCore-Authentication-KeyGeneration (= 25.0.0)
    - ProtonCore-Challenge (= 25.0.0)
    - ProtonCore-Crypto (= 25.0.0)
    - ProtonCore-CryptoGoInterface (= 25.0.0)
    - ProtonCore-DataModel (= 25.0.0)
    - ProtonCore-Environment (= 25.0.0)
    - ProtonCore-Foundations (= 25.0.0)
    - ProtonCore-HumanVerification (= 25.0.0)
    - ProtonCore-Log (= 25.0.0)
    - ProtonCore-Login (= 25.0.0)
    - ProtonCore-Observability (= 25.0.0)
    - ProtonCore-Payments (= 25.0.0)
    - ProtonCore-PaymentsUI (= 25.0.0)
    - ProtonCore-Telemetry (= 25.0.0)
    - ProtonCore-TroubleShooting (= 25.0.0)
    - ProtonCore-UIFoundations (= 25.0.0)
    - TrustKit
  - ProtonCore-MissingScopes (25.0.0):
    - ProtonCore-APIClient (= 25.0.0)
    - ProtonCore-Authentication (= 25.0.0)
    - ProtonCore-PasswordRequest (= 25.0.0)
    - ProtonCore-Services (= 25.0.0)
    - ProtonCore-UIFoundations (= 25.0.0)
  - ProtonCore-Networking (25.0.0):
    - Alamofire (= 5.4.4)
    - ProtonCore-Environment (= 25.0.0)
    - ProtonCore-Log (= 25.0.0)
    - ProtonCore-Utilities (= 25.0.0)
    - TrustKit
  - ProtonCore-Observability (25.0.0):
    - ProtonCore-Networking (= 25.0.0)
    - ProtonCore-Utilities (= 25.0.0)
  - ProtonCore-PasswordChange (25.0.0):
    - ProtonCore-Authentication (= 25.0.0)
    - ProtonCore-Authentication-KeyGeneration (= 25.0.0)
    - ProtonCore-FeatureFlags (= 25.0.0)
    - ProtonCore-LoginUI (= 25.0.0)
    - ProtonCore-Networking (= 25.0.0)
    - ProtonCore-Observability (= 25.0.0)
    - ProtonCore-PasswordRequest (= 25.0.0)
    - ProtonCore-Services (= 25.0.0)
    - ProtonCore-UIFoundations (= 25.0.0)
    - ProtonCore-Utilities (= 25.0.0)
  - ProtonCore-PasswordRequest (25.0.0):
    - ProtonCore-Authentication (= 25.0.0)
    - ProtonCore-Networking (= 25.0.0)
    - ProtonCore-Services (= 25.0.0)
    - ProtonCore-UIFoundations (= 25.0.0)
  - ProtonCore-Payments (25.0.0):
    - ProtonCore-Authentication (= 25.0.0)
    - ProtonCore-FeatureFlags (= 25.0.0)
    - ProtonCore-Foundations (= 25.0.0)
    - ProtonCore-Hash (= 25.0.0)
    - ProtonCore-Log (= 25.0.0)
    - ProtonCore-Networking (= 25.0.0)
    - ProtonCore-Services (= 25.0.0)
    - ReachabilitySwift (~> 5.0.0)
  - ProtonCore-PaymentsUI (25.0.0):
    - ProtonCore-Foundations (= 25.0.0)
    - ProtonCore-Log (= 25.0.0)
    - ProtonCore-Observability (= 25.0.0)
    - ProtonCore-Payments (= 25.0.0)
    - ProtonCore-UIFoundations (= 25.0.0)
    - SDWebImage
  - ProtonCore-PushNotifications (25.0.0):
    - ProtonCore-Crypto (= 25.0.0)
    - ProtonCore-CryptoGoInterface (= 25.0.0)
    - ProtonCore-DataModel (= 25.0.0)
    - ProtonCore-FeatureFlags (= 25.0.0)
    - ProtonCore-Keymaker (= 25.0.0)
    - ProtonCore-Log (= 25.0.0)
    - ProtonCore-Networking (= 25.0.0)
    - ProtonCore-Services (= 25.0.0)
  - ProtonCore-QuarkCommands (25.0.0):
    - ProtonCore-Doh (= 25.0.0)
    - ProtonCore-Environment (= 25.0.0)
    - ProtonCore-Log (= 25.0.0)
    - ProtonCore-Networking (= 25.0.0)
    - ProtonCore-Services (= 25.0.0)
  - ProtonCore-Services (25.0.0):
    - ProtonCore-Foundations (= 25.0.0)
    - ProtonCore-Observability (= 25.0.0)
    - ProtonCore-Utilities (= 25.0.0)
  - ProtonCore-Telemetry (25.0.0):
    - ProtonCore-FeatureFlags (= 25.0.0)
    - ProtonCore-Networking (= 25.0.0)
    - ProtonCore-Services (= 25.0.0)
  - ProtonCore-TestingToolkit/UITests/Core (25.0.0):
    - fusion
    - ProtonCore-Doh (= 25.0.0)
    - ProtonCore-Log (= 25.0.0)
    - ProtonCore-QuarkCommands (= 25.0.0)
  - ProtonCore-TestingToolkit/UITests/HumanVerification (25.0.0):
    - fusion
    - ProtonCore-Doh (= 25.0.0)
    - ProtonCore-HumanVerification (= 25.0.0)
    - ProtonCore-QuarkCommands (= 25.0.0)
  - ProtonCore-TestingToolkit/UITests/Login (25.0.0):
    - fusion
    - ProtonCore-Doh (= 25.0.0)
    - ProtonCore-HumanVerification (= 25.0.0)
    - ProtonCore-LoginUI (= 25.0.0)
    - ProtonCore-PaymentsUI (= 25.0.0)
    - ProtonCore-QuarkCommands (= 25.0.0)
  - ProtonCore-TestingToolkit/UITests/PaymentsUI (25.0.0):
    - fusion
    - ProtonCore-Doh (= 25.0.0)
    - ProtonCore-PaymentsUI (= 25.0.0)
    - ProtonCore-QuarkCommands (= 25.0.0)
    - ProtonCore-TestingToolkit/UnitTests/FeatureFlag (= 25.0.0)
  - ProtonCore-TestingToolkit/UnitTests/Authentication (25.0.0):
    - ProtonCore-Authentication (= 25.0.0)
    - ProtonCore-TestingToolkit/UnitTests/Core (= 25.0.0)
    - ProtonCore-TestingToolkit/UnitTests/FeatureFlag (= 25.0.0)
    - ProtonCore-TestingToolkit/UnitTests/Services (= 25.0.0)
  - ProtonCore-TestingToolkit/UnitTests/Core (25.0.0):
    - ProtonCore-Utilities (= 25.0.0)
    - swift-snapshot-testing
  - ProtonCore-TestingToolkit/UnitTests/DataModel (25.0.0):
    - ProtonCore-DataModel (= 25.0.0)
    - ProtonCore-TestingToolkit/UnitTests/Core (= 25.0.0)
  - ProtonCore-TestingToolkit/UnitTests/Doh (25.0.0):
    - ProtonCore-Doh (= 25.0.0)
    - ProtonCore-TestingToolkit/UnitTests/Core (= 25.0.0)
  - ProtonCore-TestingToolkit/UnitTests/FeatureFlag (25.0.0):
    - ProtonCore-FeatureFlags (= 25.0.0)
    - ProtonCore-TestingToolkit/UnitTests/Core (= 25.0.0)
  - ProtonCore-TestingToolkit/UnitTests/Login (25.0.0):
    - ProtonCore-Login (= 25.0.0)
    - ProtonCore-TestingToolkit/UnitTests/Authentication (= 25.0.0)
    - ProtonCore-TestingToolkit/UnitTests/Core (= 25.0.0)
    - ProtonCore-TestingToolkit/UnitTests/DataModel (= 25.0.0)
    - ProtonCore-TestingToolkit/UnitTests/FeatureFlag (= 25.0.0)
    - ProtonCore-TestingToolkit/UnitTests/Services (= 25.0.0)
  - ProtonCore-TestingToolkit/UnitTests/Networking (25.0.0):
    - ProtonCore-Networking (= 25.0.0)
    - ProtonCore-TestingToolkit/UnitTests/Core (= 25.0.0)
  - ProtonCore-TestingToolkit/UnitTests/Observability (25.0.0):
    - ProtonCore-Observability (= 25.0.0)
    - ProtonCore-TestingToolkit/UnitTests/Core (= 25.0.0)
  - ProtonCore-TestingToolkit/UnitTests/Services (25.0.0):
    - ProtonCore-Services (= 25.0.0)
    - ProtonCore-TestingToolkit/UnitTests/Core (= 25.0.0)
    - ProtonCore-TestingToolkit/UnitTests/DataModel (= 25.0.0)
    - ProtonCore-TestingToolkit/UnitTests/Doh (= 25.0.0)
    - ProtonCore-TestingToolkit/UnitTests/FeatureFlag (= 25.0.0)
    - ProtonCore-TestingToolkit/UnitTests/Networking (= 25.0.0)
  - ProtonCore-TroubleShooting (25.0.0):
    - ProtonCore-Doh (= 25.0.0)
    - ProtonCore-Foundations (= 25.0.0)
    - ProtonCore-UIFoundations (= 25.0.0)
    - ProtonCore-Utilities (= 25.0.0)
  - ProtonCore-UIFoundations (25.0.0):
    - ProtonCore-Foundations (= 25.0.0)
    - ProtonCore-Log (= 25.0.0)
    - ProtonCore-Utilities (= 25.0.0)
  - ProtonCore-Utilities (25.0.0):
    - ProtonCore-Log (= 25.0.0)
  - ProtonCore-VCard (25.0.0)
  - ReachabilitySwift (5.0.0)
  - SDWebImage (5.15.8):
    - SDWebImage/Core (= 5.15.8)
  - SDWebImage/Core (5.15.8)
  - Sentry (8.30.0):
    - Sentry/Core (= 8.30.0)
  - Sentry/Core (8.30.0)
  - SideMenuSwift (2.1.1)
  - Sparkle (2.5.1)
  - swift-snapshot-testing (1.10.0)
  - SwiftEventBus (5.0.0)
  - SwiftLint (0.54.0)
  - TrustKit (2.0.0)
  - UnleashProxyClientSwift (1.1.0):
    - SwiftEventBus

DEPENDENCIES:
  - Alamofire (~> 5.4)
  - CryptoSwift (= 1.5.1)
  - EllipticCurveKeyPair (from `https://github.com/agens-no/EllipticCurveKeyPair.git`, tag `2.0`)
  - "fusion (from `git@gitlab.protontech.ch:tpe/apple-fusion.git`, tag `2.1.1`)"
  - "iosMonkey (from `git@gitlab.protontech.ch:tpe/ios-monkey.git`, commit `d11605f4`)"
  - lottie-ios (= 4.3.3)
  - OHHTTPStubs/Swift (= 9.0.0)
  - PMEventsManager (from `PMEventsManager`)
  - PMEventsManager/Tests (from `PMEventsManager`)
  - PMSettings (from `PMSettings`)
  - PMSettings/Tests (from `PMSettings`)
  - PMSideMenu (from `PMSideMenu`)
  - "ProtonCore-AccountDeletion (from `git@gitlab.protontech.ch:apple/shared/protoncore.git`, tag `25.2.3`)"
  - "ProtonCore-AccountRecovery (from `git@gitlab.protontech.ch:apple/shared/protoncore.git`, tag `25.2.3`)"
  - "ProtonCore-APIClient (from `git@gitlab.protontech.ch:apple/shared/protoncore.git`, tag `25.2.3`)"
  - "ProtonCore-Authentication (from `git@gitlab.protontech.ch:apple/shared/protoncore.git`, tag `25.2.3`)"
  - "ProtonCore-Authentication-KeyGeneration (from `git@gitlab.protontech.ch:apple/shared/protoncore.git`, tag `25.2.3`)"
  - "ProtonCore-Challenge (from `git@gitlab.protontech.ch:apple/shared/protoncore.git`, tag `25.2.3`)"
  - "ProtonCore-Crypto (from `git@gitlab.protontech.ch:apple/shared/protoncore.git`, tag `25.2.3`)"
  - "ProtonCore-CryptoGoImplementation/Crypto-patched-Go (from `git@gitlab.protontech.ch:apple/shared/protoncore.git`, tag `25.2.3`)"
  - "ProtonCore-CryptoGoInterface (from `git@gitlab.protontech.ch:apple/shared/protoncore.git`, tag `25.2.3`)"
  - "ProtonCore-DataModel (from `git@gitlab.protontech.ch:apple/shared/protoncore.git`, tag `25.2.3`)"
  - "ProtonCore-Doh (from `git@gitlab.protontech.ch:apple/shared/protoncore.git`, tag `25.2.3`)"
  - "ProtonCore-Environment (from `git@gitlab.protontech.ch:apple/shared/protoncore.git`, tag `25.2.3`)"
  - "ProtonCore-FeatureFlags (from `git@gitlab.protontech.ch:apple/shared/protoncore.git`, tag `25.2.3`)"
  - "ProtonCore-Foundations (from `git@gitlab.protontech.ch:apple/shared/protoncore.git`, tag `25.2.3`)"
  - "ProtonCore-GoLibs/Crypto-patched-Go (from `git@gitlab.protontech.ch:apple/shared/protoncore.git`, tag `25.2.3`)"
  - "ProtonCore-Hash (from `git@gitlab.protontech.ch:apple/shared/protoncore.git`, tag `25.2.3`)"
  - "ProtonCore-HumanVerification (from `git@gitlab.protontech.ch:apple/shared/protoncore.git`, tag `25.2.3`)"
  - "ProtonCore-Keymaker (from `git@gitlab.protontech.ch:apple/shared/protoncore.git`, tag `25.2.3`)"
  - "ProtonCore-KeyManager (from `git@gitlab.protontech.ch:apple/shared/protoncore.git`, tag `25.2.3`)"
  - "ProtonCore-Log (from `git@gitlab.protontech.ch:apple/shared/protoncore.git`, tag `25.2.3`)"
  - "ProtonCore-Login (from `git@gitlab.protontech.ch:apple/shared/protoncore.git`, tag `25.2.3`)"
  - "ProtonCore-LoginUI (from `git@gitlab.protontech.ch:apple/shared/protoncore.git`, tag `25.2.3`)"
  - "ProtonCore-MissingScopes (from `git@gitlab.protontech.ch:apple/shared/protoncore.git`, tag `25.2.3`)"
  - "ProtonCore-Networking (from `git@gitlab.protontech.ch:apple/shared/protoncore.git`, tag `25.2.3`)"
  - "ProtonCore-Observability (from `git@gitlab.protontech.ch:apple/shared/protoncore.git`, tag `25.2.3`)"
  - "ProtonCore-PasswordChange (from `git@gitlab.protontech.ch:apple/shared/protoncore.git`, tag `25.2.3`)"
  - "ProtonCore-PasswordRequest (from `git@gitlab.protontech.ch:apple/shared/protoncore.git`, tag `25.2.3`)"
  - "ProtonCore-Payments (from `git@gitlab.protontech.ch:apple/shared/protoncore.git`, tag `25.2.3`)"
  - "ProtonCore-PaymentsUI (from `git@gitlab.protontech.ch:apple/shared/protoncore.git`, tag `25.2.3`)"
  - "ProtonCore-PushNotifications (from `git@gitlab.protontech.ch:apple/shared/protoncore.git`, tag `25.2.3`)"
  - "ProtonCore-QuarkCommands (from `git@gitlab.protontech.ch:apple/shared/protoncore.git`, tag `25.2.3`)"
  - "ProtonCore-Services (from `git@gitlab.protontech.ch:apple/shared/protoncore.git`, tag `25.2.3`)"
  - "ProtonCore-Telemetry (from `git@gitlab.protontech.ch:apple/shared/protoncore.git`, tag `25.2.3`)"
  - "ProtonCore-TestingToolkit/UITests/Core (from `git@gitlab.protontech.ch:apple/shared/protoncore.git`, tag `25.2.3`)"
  - "ProtonCore-TestingToolkit/UITests/HumanVerification (from `git@gitlab.protontech.ch:apple/shared/protoncore.git`, tag `25.2.3`)"
  - "ProtonCore-TestingToolkit/UITests/Login (from `git@gitlab.protontech.ch:apple/shared/protoncore.git`, tag `25.2.3`)"
  - "ProtonCore-TestingToolkit/UITests/PaymentsUI (from `git@gitlab.protontech.ch:apple/shared/protoncore.git`, tag `25.2.3`)"
  - "ProtonCore-TestingToolkit/UnitTests/Core (from `git@gitlab.protontech.ch:apple/shared/protoncore.git`, tag `25.2.3`)"
  - "ProtonCore-TestingToolkit/UnitTests/Doh (from `git@gitlab.protontech.ch:apple/shared/protoncore.git`, tag `25.2.3`)"
  - "ProtonCore-TestingToolkit/UnitTests/Login (from `git@gitlab.protontech.ch:apple/shared/protoncore.git`, tag `25.2.3`)"
  - "ProtonCore-TestingToolkit/UnitTests/Observability (from `git@gitlab.protontech.ch:apple/shared/protoncore.git`, tag `25.2.3`)"
  - "ProtonCore-TestingToolkit/UnitTests/Services (from `git@gitlab.protontech.ch:apple/shared/protoncore.git`, tag `25.2.3`)"
  - "ProtonCore-TroubleShooting (from `git@gitlab.protontech.ch:apple/shared/protoncore.git`, tag `25.2.3`)"
  - "ProtonCore-UIFoundations (from `git@gitlab.protontech.ch:apple/shared/protoncore.git`, tag `25.2.3`)"
  - "ProtonCore-Utilities (from `git@gitlab.protontech.ch:apple/shared/protoncore.git`, tag `25.2.3`)"
  - "ProtonCore-VCard (from `git@gitlab.protontech.ch:apple/shared/protoncore.git`, tag `25.2.3`)"
  - ReachabilitySwift (= 5.0.0)
  - SDWebImage (= 5.15.8)
  - Sentry (from `https://github.com/getsentry/sentry-cocoa.git`, tag `8.30.0`)
  - Sparkle (= 2.5.1)
  - "swift-snapshot-testing (from `git@gitlab.protontech.ch:apple/shared/protoncore.git`, tag `25.2.3`)"
  - SwiftLint (~> 0.47)
  - TrustKit (from `https://github.com/ProtonMail/TrustKit.git`, commit `d107d7cc825f38ae2d6dc7c54af71d58145c3506`, tag `1.0.3`)
  - UnleashProxyClientSwift (from `https://github.com/Unleash/unleash-proxy-client-swift.git`, tag `1.1.0`)

SPEC REPOS:
  https://github.com/CocoaPods/Specs.git:
    - Alamofire
    - CryptoSwift
    - lottie-ios
    - OHHTTPStubs
    - ReachabilitySwift
    - SDWebImage
    - SideMenuSwift
    - Sparkle
    - SwiftEventBus
    - SwiftLint

EXTERNAL SOURCES:
  EllipticCurveKeyPair:
    :git: https://github.com/agens-no/EllipticCurveKeyPair.git
    :tag: '2.0'
  fusion:
    :git: "git@gitlab.protontech.ch:tpe/apple-fusion.git"
    :tag: 2.1.1
  iosMonkey:
    :commit: d11605f4
    :git: "git@gitlab.protontech.ch:tpe/ios-monkey.git"
  PMEventsManager:
    :path: PMEventsManager
  PMSettings:
    :path: PMSettings
  PMSideMenu:
    :path: PMSideMenu
  ProtonCore-AccountDeletion:
    :git: "git@gitlab.protontech.ch:apple/shared/protoncore.git"
    :tag: 25.2.3
  ProtonCore-AccountRecovery:
    :git: "git@gitlab.protontech.ch:apple/shared/protoncore.git"
    :tag: 25.2.3
  ProtonCore-APIClient:
    :git: "git@gitlab.protontech.ch:apple/shared/protoncore.git"
    :tag: 25.2.3
  ProtonCore-Authentication:
    :git: "git@gitlab.protontech.ch:apple/shared/protoncore.git"
    :tag: 25.2.3
  ProtonCore-Authentication-KeyGeneration:
    :git: "git@gitlab.protontech.ch:apple/shared/protoncore.git"
    :tag: 25.2.3
  ProtonCore-Challenge:
    :git: "git@gitlab.protontech.ch:apple/shared/protoncore.git"
    :tag: 25.2.3
  ProtonCore-Crypto:
    :git: "git@gitlab.protontech.ch:apple/shared/protoncore.git"
    :tag: 25.2.3
  ProtonCore-CryptoGoImplementation:
    :git: "git@gitlab.protontech.ch:apple/shared/protoncore.git"
    :tag: 25.2.3
  ProtonCore-CryptoGoInterface:
    :git: "git@gitlab.protontech.ch:apple/shared/protoncore.git"
    :tag: 25.2.3
  ProtonCore-DataModel:
    :git: "git@gitlab.protontech.ch:apple/shared/protoncore.git"
    :tag: 25.2.3
  ProtonCore-Doh:
    :git: "git@gitlab.protontech.ch:apple/shared/protoncore.git"
    :tag: 25.2.3
  ProtonCore-Environment:
    :git: "git@gitlab.protontech.ch:apple/shared/protoncore.git"
    :tag: 25.2.3
  ProtonCore-FeatureFlags:
    :git: "git@gitlab.protontech.ch:apple/shared/protoncore.git"
    :tag: 25.2.3
  ProtonCore-Foundations:
    :git: "git@gitlab.protontech.ch:apple/shared/protoncore.git"
    :tag: 25.2.3
  ProtonCore-GoLibs:
    :git: "git@gitlab.protontech.ch:apple/shared/protoncore.git"
    :tag: 25.2.3
  ProtonCore-Hash:
    :git: "git@gitlab.protontech.ch:apple/shared/protoncore.git"
    :tag: 25.2.3
  ProtonCore-HumanVerification:
    :git: "git@gitlab.protontech.ch:apple/shared/protoncore.git"
    :tag: 25.2.3
  ProtonCore-Keymaker:
    :git: "git@gitlab.protontech.ch:apple/shared/protoncore.git"
    :tag: 25.2.3
  ProtonCore-KeyManager:
    :git: "git@gitlab.protontech.ch:apple/shared/protoncore.git"
    :tag: 25.2.3
  ProtonCore-Log:
    :git: "git@gitlab.protontech.ch:apple/shared/protoncore.git"
    :tag: 25.2.3
  ProtonCore-Login:
    :git: "git@gitlab.protontech.ch:apple/shared/protoncore.git"
    :tag: 25.2.3
  ProtonCore-LoginUI:
    :git: "git@gitlab.protontech.ch:apple/shared/protoncore.git"
    :tag: 25.2.3
  ProtonCore-MissingScopes:
    :git: "git@gitlab.protontech.ch:apple/shared/protoncore.git"
    :tag: 25.2.3
  ProtonCore-Networking:
    :git: "git@gitlab.protontech.ch:apple/shared/protoncore.git"
    :tag: 25.2.3
  ProtonCore-Observability:
    :git: "git@gitlab.protontech.ch:apple/shared/protoncore.git"
    :tag: 25.2.3
  ProtonCore-PasswordChange:
    :git: "git@gitlab.protontech.ch:apple/shared/protoncore.git"
    :tag: 25.2.3
  ProtonCore-PasswordRequest:
    :git: "git@gitlab.protontech.ch:apple/shared/protoncore.git"
    :tag: 25.2.3
  ProtonCore-Payments:
    :git: "git@gitlab.protontech.ch:apple/shared/protoncore.git"
    :tag: 25.2.3
  ProtonCore-PaymentsUI:
    :git: "git@gitlab.protontech.ch:apple/shared/protoncore.git"
    :tag: 25.2.3
  ProtonCore-PushNotifications:
    :git: "git@gitlab.protontech.ch:apple/shared/protoncore.git"
    :tag: 25.2.3
  ProtonCore-QuarkCommands:
    :git: "git@gitlab.protontech.ch:apple/shared/protoncore.git"
    :tag: 25.2.3
  ProtonCore-Services:
    :git: "git@gitlab.protontech.ch:apple/shared/protoncore.git"
    :tag: 25.2.3
  ProtonCore-Telemetry:
    :git: "git@gitlab.protontech.ch:apple/shared/protoncore.git"
    :tag: 25.2.3
  ProtonCore-TestingToolkit:
    :git: "git@gitlab.protontech.ch:apple/shared/protoncore.git"
    :tag: 25.2.3
  ProtonCore-TroubleShooting:
    :git: "git@gitlab.protontech.ch:apple/shared/protoncore.git"
    :tag: 25.2.3
  ProtonCore-UIFoundations:
    :git: "git@gitlab.protontech.ch:apple/shared/protoncore.git"
    :tag: 25.2.3
  ProtonCore-Utilities:
    :git: "git@gitlab.protontech.ch:apple/shared/protoncore.git"
    :tag: 25.2.3
  ProtonCore-VCard:
    :git: "git@gitlab.protontech.ch:apple/shared/protoncore.git"
    :tag: 25.2.3
  Sentry:
    :git: https://github.com/getsentry/sentry-cocoa.git
    :tag: 8.30.0
  swift-snapshot-testing:
    :git: "git@gitlab.protontech.ch:apple/shared/protoncore.git"
    :tag: 25.2.3
  TrustKit:
    :commit: d107d7cc825f38ae2d6dc7c54af71d58145c3506
    :git: https://github.com/ProtonMail/TrustKit.git
    :tag: 1.0.3
  UnleashProxyClientSwift:
    :git: https://github.com/Unleash/unleash-proxy-client-swift.git
    :tag: 1.1.0

CHECKOUT OPTIONS:
  EllipticCurveKeyPair:
    :git: https://github.com/agens-no/EllipticCurveKeyPair.git
    :tag: '2.0'
  fusion:
    :git: "git@gitlab.protontech.ch:tpe/apple-fusion.git"
    :tag: 2.1.1
  iosMonkey:
    :commit: d11605f4
    :git: "git@gitlab.protontech.ch:tpe/ios-monkey.git"
  ProtonCore-AccountDeletion:
    :git: "git@gitlab.protontech.ch:apple/shared/protoncore.git"
    :tag: 25.2.3
  ProtonCore-AccountRecovery:
    :git: "git@gitlab.protontech.ch:apple/shared/protoncore.git"
    :tag: 25.2.3
  ProtonCore-APIClient:
    :git: "git@gitlab.protontech.ch:apple/shared/protoncore.git"
    :tag: 25.2.3
  ProtonCore-Authentication:
    :git: "git@gitlab.protontech.ch:apple/shared/protoncore.git"
    :tag: 25.2.3
  ProtonCore-Authentication-KeyGeneration:
    :git: "git@gitlab.protontech.ch:apple/shared/protoncore.git"
    :tag: 25.2.3
  ProtonCore-Challenge:
    :git: "git@gitlab.protontech.ch:apple/shared/protoncore.git"
    :tag: 25.2.3
  ProtonCore-Crypto:
    :git: "git@gitlab.protontech.ch:apple/shared/protoncore.git"
    :tag: 25.2.3
  ProtonCore-CryptoGoImplementation:
    :git: "git@gitlab.protontech.ch:apple/shared/protoncore.git"
    :tag: 25.2.3
  ProtonCore-CryptoGoInterface:
    :git: "git@gitlab.protontech.ch:apple/shared/protoncore.git"
    :tag: 25.2.3
  ProtonCore-DataModel:
    :git: "git@gitlab.protontech.ch:apple/shared/protoncore.git"
    :tag: 25.2.3
  ProtonCore-Doh:
    :git: "git@gitlab.protontech.ch:apple/shared/protoncore.git"
    :tag: 25.2.3
  ProtonCore-Environment:
    :git: "git@gitlab.protontech.ch:apple/shared/protoncore.git"
    :tag: 25.2.3
  ProtonCore-FeatureFlags:
    :git: "git@gitlab.protontech.ch:apple/shared/protoncore.git"
    :tag: 25.2.3
  ProtonCore-Foundations:
    :git: "git@gitlab.protontech.ch:apple/shared/protoncore.git"
    :tag: 25.2.3
  ProtonCore-GoLibs:
    :git: "git@gitlab.protontech.ch:apple/shared/protoncore.git"
    :tag: 25.2.3
  ProtonCore-Hash:
    :git: "git@gitlab.protontech.ch:apple/shared/protoncore.git"
    :tag: 25.2.3
  ProtonCore-HumanVerification:
    :git: "git@gitlab.protontech.ch:apple/shared/protoncore.git"
    :tag: 25.2.3
  ProtonCore-Keymaker:
    :git: "git@gitlab.protontech.ch:apple/shared/protoncore.git"
    :tag: 25.2.3
  ProtonCore-KeyManager:
    :git: "git@gitlab.protontech.ch:apple/shared/protoncore.git"
    :tag: 25.2.3
  ProtonCore-Log:
    :git: "git@gitlab.protontech.ch:apple/shared/protoncore.git"
    :tag: 25.2.3
  ProtonCore-Login:
    :git: "git@gitlab.protontech.ch:apple/shared/protoncore.git"
    :tag: 25.2.3
  ProtonCore-LoginUI:
    :git: "git@gitlab.protontech.ch:apple/shared/protoncore.git"
    :tag: 25.2.3
  ProtonCore-MissingScopes:
    :git: "git@gitlab.protontech.ch:apple/shared/protoncore.git"
    :tag: 25.2.3
  ProtonCore-Networking:
    :git: "git@gitlab.protontech.ch:apple/shared/protoncore.git"
    :tag: 25.2.3
  ProtonCore-Observability:
    :git: "git@gitlab.protontech.ch:apple/shared/protoncore.git"
    :tag: 25.2.3
  ProtonCore-PasswordChange:
    :git: "git@gitlab.protontech.ch:apple/shared/protoncore.git"
    :tag: 25.2.3
  ProtonCore-PasswordRequest:
    :git: "git@gitlab.protontech.ch:apple/shared/protoncore.git"
    :tag: 25.2.3
  ProtonCore-Payments:
    :git: "git@gitlab.protontech.ch:apple/shared/protoncore.git"
    :tag: 25.2.3
  ProtonCore-PaymentsUI:
    :git: "git@gitlab.protontech.ch:apple/shared/protoncore.git"
    :tag: 25.2.3
  ProtonCore-PushNotifications:
    :git: "git@gitlab.protontech.ch:apple/shared/protoncore.git"
    :tag: 25.2.3
  ProtonCore-QuarkCommands:
    :git: "git@gitlab.protontech.ch:apple/shared/protoncore.git"
    :tag: 25.2.3
  ProtonCore-Services:
    :git: "git@gitlab.protontech.ch:apple/shared/protoncore.git"
    :tag: 25.2.3
  ProtonCore-Telemetry:
    :git: "git@gitlab.protontech.ch:apple/shared/protoncore.git"
    :tag: 25.2.3
  ProtonCore-TestingToolkit:
    :git: "git@gitlab.protontech.ch:apple/shared/protoncore.git"
    :tag: 25.2.3
  ProtonCore-TroubleShooting:
    :git: "git@gitlab.protontech.ch:apple/shared/protoncore.git"
    :tag: 25.2.3
  ProtonCore-UIFoundations:
    :git: "git@gitlab.protontech.ch:apple/shared/protoncore.git"
    :tag: 25.2.3
  ProtonCore-Utilities:
    :git: "git@gitlab.protontech.ch:apple/shared/protoncore.git"
    :tag: 25.2.3
  ProtonCore-VCard:
    :git: "git@gitlab.protontech.ch:apple/shared/protoncore.git"
    :tag: 25.2.3
  Sentry:
    :git: https://github.com/getsentry/sentry-cocoa.git
    :tag: 8.30.0
  swift-snapshot-testing:
    :git: "git@gitlab.protontech.ch:apple/shared/protoncore.git"
    :tag: 25.2.3
  TrustKit:
    :commit: d107d7cc825f38ae2d6dc7c54af71d58145c3506
    :git: https://github.com/ProtonMail/TrustKit.git
    :tag: 1.0.3
  UnleashProxyClientSwift:
    :git: https://github.com/Unleash/unleash-proxy-client-swift.git
    :tag: 1.1.0

SPEC CHECKSUMS:
  Alamofire: f3b09a368f1582ab751b3fff5460276e0d2cf5c9
  CryptoSwift: c4f2debceb38bf44c80659afe009f71e23e4a082
  EllipticCurveKeyPair: 8c69e5238a6e47243a10a48fbd41dfb19110b22e
  fusion: 4ce692b0bd8030d952dde9b4ceae3ab9fd3d2b72
  iosMonkey: bd2945d2c34f43236124bb1692923cd4aaa664b7
  lottie-ios: 25e7b2675dad5c3ddad369ac9baab03560c5bfdd
  OHHTTPStubs: cb29d2a9d09a828ecb93349a2b0c64f99e0db89f
  PMEventsManager: 8b49ce6d12226d4f2359170339a2e863a7dc17b5
  PMSettings: 211bb689e718a706b9a2813a3d5f7f4fb5bdc56b
  PMSideMenu: 0a42a395424924f817963e7d9e26813fbae07e91
  ProtonCore-AccountDeletion: 55431d4d7e0be2c6e33fae45535b2f30c29956bd
  ProtonCore-AccountRecovery: 615cb3253af60630d99640b86caadec4009deb29
  ProtonCore-APIClient: 947b5711026055ff5fc36853de0e61b86ed061a7
  ProtonCore-Authentication: 94452bebb879c52ec46e6094448d7193c1dd8228
  ProtonCore-Authentication-KeyGeneration: 5dd2ded9af0b0ef5b3d0a4bfe09c6b1c767dc528
  ProtonCore-Challenge: 3636bfa8645539b05aa4601eca20c7a30acd0093
  ProtonCore-Crypto: 52cc2109abe13d25ef6729e90ef5f7461626dd79
  ProtonCore-CryptoGoImplementation: db0978d6cba70460ab8533e01b2adeb8f5c9d0c7
  ProtonCore-CryptoGoInterface: 7ccd52d3ce9c7ab45477c3a51dfe677a4a51f6f9
  ProtonCore-DataModel: 18b95c339701f1ac14a19eaf5f2b1c788fa506a9
  ProtonCore-Doh: fa7a0ba1f34fbb72be394b482a30d2274db8cdc7
  ProtonCore-Environment: a8e9edb6f1a616517f25ed9b31b6dda99ae49fb5
  ProtonCore-FeatureFlags: d069af2e6c5bf216e918301182b29beff82ee464
  ProtonCore-Foundations: 7e8325db2de10065f18f773c518de71219bdab51
  ProtonCore-GoLibs: 041b3de402bfb4affcf45aeb4fbc7252e627f147
  ProtonCore-Hash: b5f8b03e3812d413c5f355e6f3996d3dc86cd7da
  ProtonCore-HumanVerification: 9e5804789f477aa4145695161ad75bb0b91d2e1d
  ProtonCore-Keymaker: 319043b202dcb06192335b74c6f88b7e8b97a5cd
  ProtonCore-KeyManager: 71256c06e7a3d2077dbb3594d44e6be59e39d471
  ProtonCore-Log: 709015bbdc8b865f7a5f5fd8fdd60658f1c52036
  ProtonCore-Login: f1030982dfb042abb4088714333d9bcb2812b396
  ProtonCore-LoginUI: f26ebdcd5298e97c543cce36418a174216bf8f1f
  ProtonCore-MissingScopes: 547ee54e3451928aa06453bfb3166c0f2cd068cf
  ProtonCore-Networking: 483c22bfe00939155ae25749b2772a9f371695ef
  ProtonCore-Observability: 83424cce21e561934de84ce35a2127129c9da5be
  ProtonCore-PasswordChange: 8b1c48f2d7d061d385e955819094eeac59d96cd5
  ProtonCore-PasswordRequest: dde0d19dc813b76db7302a38e7de885916ad602c
  ProtonCore-Payments: 288651c62d9845c6b337b5efff62a94dc5c75819
  ProtonCore-PaymentsUI: 2ef7a5968c2209e51841b72bb0de689698e23fcc
  ProtonCore-PushNotifications: 5ba69f003ead26d72f0a0308512b5681df536d16
  ProtonCore-QuarkCommands: f9b689371654535ffb8c0b2c433fa8899385f527
  ProtonCore-Services: f66902d60648306f1b8cc51da7788a12bb1ba422
  ProtonCore-Telemetry: 5006e2a8322e1705e5841aa256525b510d23ea51
  ProtonCore-TestingToolkit: 5f251dc180719423fb712b4dff834d2118b2185d
  ProtonCore-TroubleShooting: dda1a60dadc77fadc83a8b55855775b7081a48c5
  ProtonCore-UIFoundations: eb24f00f9da2f3f774bf31f85f61121a60ef0210
  ProtonCore-Utilities: 3c460b9705366234014a37ebfff9ed5b440570b0
  ProtonCore-VCard: c7de99bf738a245f68a59bb1add585fdc1b08a20
  ReachabilitySwift: 985039c6f7b23a1da463388634119492ff86c825
  SDWebImage: cb032eba469c54e0000e78bcb0a13cdde0a52798
  Sentry: 37b29280c25d35e49850151b65a27786d94e1a19
  SideMenuSwift: 4dc9c94ffd8874b8331c0d5e316928385add9150
  Sparkle: ce9957501a2655dd4c8264312c6134ff478a777c
  swift-snapshot-testing: d388c9ff71363d8572312dcb45704bb5df021c8f
  SwiftEventBus: b30f617a6aca5a9336464b4d3f5931034762f2d5
  SwiftLint: c1de071d9d08c8aba837545f6254315bc900e211
  TrustKit: f830ff5af0a8cbad5178aef1d0951389b096d312
  UnleashProxyClientSwift: 6a435f645c9d6a7f210837e35c6eae00bdd01d8f

PODFILE CHECKSUM: 02afe8f72d8ee603c455ab65941d4d12edc3c79c

COCOAPODS: 1.15.2
